
Microsoft Visual Studio Solution File, Format Version 12.00
# Visual Studio Version 17
VisualStudioVersion = 17.0.31903.59
MinimumVisualStudioVersion = 10.0.40219.1
Project("{2150E333-8FDC-42A3-9474-1A3956D46DE8}") = "src", "src", "{827E0CD3-B72D-47B6-A68D-7590B98EB39B}"
EndProject
Project("{FAE04EC0-301F-11D3-BF4B-00C04F79EFBC}") = "ThermoCore.Core", "src\ThermoCore.Core\ThermoCore.Core.csproj", "{CD23EBE4-ADE9-4226-A9C6-5E020378CEA2}"
EndProject
Project("{FAE04EC0-301F-11D3-BF4B-00C04F79EFBC}") = "ThermoCore.AWG", "src\ThermoCore.AWG\ThermoCore.AWG.csproj", "{E6E546D1-3FE0-42DD-B667-43737F1A4B50}"
EndProject
Project("{FAE04EC0-301F-11D3-BF4B-00C04F79EFBC}") = "ThermoCore.Console", "src\ThermoCore.Console\ThermoCore.Console.csproj", "{6FCA82C1-ADD9-4D42-9C82-238DAF86E98B}"
EndProject
Project("{FAE04EC0-301F-11D3-BF4B-00C04F79EFBC}") = "ThermoCore.Api", "src\ThermoCore.Api\ThermoCore.Api.csproj", "{A5684F9D-8906-41A9-807B-A17BDC72D771}"
EndProject
Project("{FAE04EC0-301F-11D3-BF4B-00C04F79EFBC}") = "ThermoCore.Web", "src\ThermoCore.Web\ThermoCore.Web.csproj", "{35C938C3-429F-4DF1-9315-6D601644930F}"
EndProject
Project("{2150E333-8FDC-42A3-9474-1A3956D46DE8}") = "tests", "tests", "{0AB3BF05-4346-4AA6-1389-037BE0695223}"
EndProject
Project("{FAE04EC0-301F-11D3-BF4B-00C04F79EFBC}") = "ThermoCore.Core.Tests", "tests\ThermoCore.Core.Tests\ThermoCore.Core.Tests.csproj", "{B552D2C5-3F84-491E-8F94-DF0D2157BE65}"
EndProject
Project("{FAE04EC0-301F-11D3-BF4B-00C04F79EFBC}") = "ThermoCore.AWG.Tests", "tests\ThermoCore.AWG.Tests\ThermoCore.AWG.Tests.csproj", "{B8E08B64-A532-4A30-B8D7-9BA96F312627}"
EndProject
Project("{FAE04EC0-301F-11D3-BF4B-00C04F79EFBC}") = "ThermoCore.Api.Tests", "tests\ThermoCore.Api.Tests\ThermoCore.Api.Tests.csproj", "{03911780-A3AD-4BAA-82B4-180EC6730CF0}"
EndProject
Project("{FAE04EC0-301F-11D3-BF4B-00C04F79EFBC}") = "ThermoCore.Web.Tests", "tests\ThermoCore.Web.Tests\ThermoCore.Web.Tests.csproj", "{8D52E955-BDD5-4123-8556-A1B6B81F62C8}"
EndProject
Project("{FAE04EC0-301F-11D3-BF4B-00C04F79EFBC}") = "ThermoCore.IntegrationTests", "tests\ThermoCore.IntegrationTests\ThermoCore.IntegrationTests.csproj", "{3003E7A0-A908-4B55-B42B-610217F23664}"
EndProject
Project("{FAE04EC0-301F-11D3-BF4B-00C04F79EFBC}") = "ThermoCore.Application", "src\ThermoCore.Application\ThermoCore.Application.csproj", "{9F420BDE-2A45-4531-A63F-BB4BABBAE0E2}"
EndProject
Global
	GlobalSection(SolutionConfigurationPlatforms) = preSolution
		Debug|Any CPU = Debug|Any CPU
		Debug|x64 = Debug|x64
		Debug|x86 = Debug|x86
		Release|Any CPU = Release|Any CPU
		Release|x64 = Release|x64
		Release|x86 = Release|x86
	EndGlobalSection
	GlobalSection(ProjectConfigurationPlatforms) = postSolution
		{CD23EBE4-ADE9-4226-A9C6-5E020378CEA2}.Debug|Any CPU.ActiveCfg = Debug|Any CPU
		{CD23EBE4-ADE9-4226-A9C6-5E020378CEA2}.Debug|Any CPU.Build.0 = Debug|Any CPU
		{CD23EBE4-ADE9-4226-A9C6-5E020378CEA2}.Debug|x64.ActiveCfg = Debug|Any CPU
		{CD23EBE4-ADE9-4226-A9C6-5E020378CEA2}.Debug|x64.Build.0 = Debug|Any CPU
		{CD23EBE4-ADE9-4226-A9C6-5E020378CEA2}.Debug|x86.ActiveCfg = Debug|Any CPU
		{CD23EBE4-ADE9-4226-A9C6-5E020378CEA2}.Debug|x86.Build.0 = Debug|Any CPU
		{CD23EBE4-ADE9-4226-A9C6-5E020378CEA2}.Release|Any CPU.ActiveCfg = Release|Any CPU
		{CD23EBE4-ADE9-4226-A9C6-5E020378CEA2}.Release|Any CPU.Build.0 = Release|Any CPU
		{CD23EBE4-ADE9-4226-A9C6-5E020378CEA2}.Release|x64.ActiveCfg = Release|Any CPU
		{CD23EBE4-ADE9-4226-A9C6-5E020378CEA2}.Release|x64.Build.0 = Release|Any CPU
		{CD23EBE4-ADE9-4226-A9C6-5E020378CEA2}.Release|x86.ActiveCfg = Release|Any CPU
		{CD23EBE4-ADE9-4226-A9C6-5E020378CEA2}.Release|x86.Build.0 = Release|Any CPU
		{E6E546D1-3FE0-42DD-B667-43737F1A4B50}.Debug|Any CPU.ActiveCfg = Debug|Any CPU
		{E6E546D1-3FE0-42DD-B667-43737F1A4B50}.Debug|Any CPU.Build.0 = Debug|Any CPU
		{E6E546D1-3FE0-42DD-B667-43737F1A4B50}.Debug|x64.ActiveCfg = Debug|Any CPU
		{E6E546D1-3FE0-42DD-B667-43737F1A4B50}.Debug|x64.Build.0 = Debug|Any CPU
		{E6E546D1-3FE0-42DD-B667-43737F1A4B50}.Debug|x86.ActiveCfg = Debug|Any CPU
		{E6E546D1-3FE0-42DD-B667-43737F1A4B50}.Debug|x86.Build.0 = Debug|Any CPU
		{E6E546D1-3FE0-42DD-B667-43737F1A4B50}.Release|Any CPU.ActiveCfg = Release|Any CPU
		{E6E546D1-3FE0-42DD-B667-43737F1A4B50}.Release|Any CPU.Build.0 = Release|Any CPU
		{E6E546D1-3FE0-42DD-B667-43737F1A4B50}.Release|x64.ActiveCfg = Release|Any CPU
		{E6E546D1-3FE0-42DD-B667-43737F1A4B50}.Release|x64.Build.0 = Release|Any CPU
		{E6E546D1-3FE0-42DD-B667-43737F1A4B50}.Release|x86.ActiveCfg = Release|Any CPU
		{E6E546D1-3FE0-42DD-B667-43737F1A4B50}.Release|x86.Build.0 = Release|Any CPU
		{6FCA82C1-ADD9-4D42-9C82-238DAF86E98B}.Debug|Any CPU.ActiveCfg = Debug|Any CPU
		{6FCA82C1-ADD9-4D42-9C82-238DAF86E98B}.Debug|Any CPU.Build.0 = Debug|Any CPU
		{6FCA82C1-ADD9-4D42-9C82-238DAF86E98B}.Debug|x64.ActiveCfg = Debug|Any CPU
		{6FCA82C1-ADD9-4D42-9C82-238DAF86E98B}.Debug|x64.Build.0 = Debug|Any CPU
		{6FCA82C1-ADD9-4D42-9C82-238DAF86E98B}.Debug|x86.ActiveCfg = Debug|Any CPU
		{6FCA82C1-ADD9-4D42-9C82-238DAF86E98B}.Debug|x86.Build.0 = Debug|Any CPU
		{6FCA82C1-ADD9-4D42-9C82-238DAF86E98B}.Release|Any CPU.ActiveCfg = Release|Any CPU
		{6FCA82C1-ADD9-4D42-9C82-238DAF86E98B}.Release|Any CPU.Build.0 = Release|Any CPU
		{6FCA82C1-ADD9-4D42-9C82-238DAF86E98B}.Release|x64.ActiveCfg = Release|Any CPU
		{6FCA82C1-ADD9-4D42-9C82-238DAF86E98B}.Release|x64.Build.0 = Release|Any CPU
		{6FCA82C1-ADD9-4D42-9C82-238DAF86E98B}.Release|x86.ActiveCfg = Release|Any CPU
		{6FCA82C1-ADD9-4D42-9C82-238DAF86E98B}.Release|x86.Build.0 = Release|Any CPU
		{A5684F9D-8906-41A9-807B-A17BDC72D771}.Debug|Any CPU.ActiveCfg = Debug|Any CPU
		{A5684F9D-8906-41A9-807B-A17BDC72D771}.Debug|Any CPU.Build.0 = Debug|Any CPU
		{A5684F9D-8906-41A9-807B-A17BDC72D771}.Debug|x64.ActiveCfg = Debug|Any CPU
		{A5684F9D-8906-41A9-807B-A17BDC72D771}.Debug|x64.Build.0 = Debug|Any CPU
		{A5684F9D-8906-41A9-807B-A17BDC72D771}.Debug|x86.ActiveCfg = Debug|Any CPU
		{A5684F9D-8906-41A9-807B-A17BDC72D771}.Debug|x86.Build.0 = Debug|Any CPU
		{A5684F9D-8906-41A9-807B-A17BDC72D771}.Release|Any CPU.ActiveCfg = Release|Any CPU
		{A5684F9D-8906-41A9-807B-A17BDC72D771}.Release|Any CPU.Build.0 = Release|Any CPU
		{A5684F9D-8906-41A9-807B-A17BDC72D771}.Release|x64.ActiveCfg = Release|Any CPU
		{A5684F9D-8906-41A9-807B-A17BDC72D771}.Release|x64.Build.0 = Release|Any CPU
		{A5684F9D-8906-41A9-807B-A17BDC72D771}.Release|x86.ActiveCfg = Release|Any CPU
		{A5684F9D-8906-41A9-807B-A17BDC72D771}.Release|x86.Build.0 = Release|Any CPU
		{35C938C3-429F-4DF1-9315-6D601644930F}.Debug|Any CPU.ActiveCfg = Debug|Any CPU
		{35C938C3-429F-4DF1-9315-6D601644930F}.Debug|Any CPU.Build.0 = Debug|Any CPU
		{35C938C3-429F-4DF1-9315-6D601644930F}.Debug|x64.ActiveCfg = Debug|Any CPU
		{35C938C3-429F-4DF1-9315-6D601644930F}.Debug|x64.Build.0 = Debug|Any CPU
		{35C938C3-429F-4DF1-9315-6D601644930F}.Debug|x86.ActiveCfg = Debug|Any CPU
		{35C938C3-429F-4DF1-9315-6D601644930F}.Debug|x86.Build.0 = Debug|Any CPU
		{35C938C3-429F-4DF1-9315-6D601644930F}.Release|Any CPU.ActiveCfg = Release|Any CPU
		{35C938C3-429F-4DF1-9315-6D601644930F}.Release|Any CPU.Build.0 = Release|Any CPU
		{35C938C3-429F-4DF1-9315-6D601644930F}.Release|x64.ActiveCfg = Release|Any CPU
		{35C938C3-429F-4DF1-9315-6D601644930F}.Release|x64.Build.0 = Release|Any CPU
		{35C938C3-429F-4DF1-9315-6D601644930F}.Release|x86.ActiveCfg = Release|Any CPU
		{35C938C3-429F-4DF1-9315-6D601644930F}.Release|x86.Build.0 = Release|Any CPU
		{B552D2C5-3F84-491E-8F94-DF0D2157BE65}.Debug|Any CPU.ActiveCfg = Debug|Any CPU
		{B552D2C5-3F84-491E-8F94-DF0D2157BE65}.Debug|Any CPU.Build.0 = Debug|Any CPU
		{B552D2C5-3F84-491E-8F94-DF0D2157BE65}.Debug|x64.ActiveCfg = Debug|Any CPU
		{B552D2C5-3F84-491E-8F94-DF0D2157BE65}.Debug|x64.Build.0 = Debug|Any CPU
		{B552D2C5-3F84-491E-8F94-DF0D2157BE65}.Debug|x86.ActiveCfg = Debug|Any CPU
		{B552D2C5-3F84-491E-8F94-DF0D2157BE65}.Debug|x86.Build.0 = Debug|Any CPU
		{B552D2C5-3F84-491E-8F94-DF0D2157BE65}.Release|Any CPU.ActiveCfg = Release|Any CPU
		{B552D2C5-3F84-491E-8F94-DF0D2157BE65}.Release|Any CPU.Build.0 = Release|Any CPU
		{B552D2C5-3F84-491E-8F94-DF0D2157BE65}.Release|x64.ActiveCfg = Release|Any CPU
		{B552D2C5-3F84-491E-8F94-DF0D2157BE65}.Release|x64.Build.0 = Release|Any CPU
		{B552D2C5-3F84-491E-8F94-DF0D2157BE65}.Release|x86.ActiveCfg = Release|Any CPU
		{B552D2C5-3F84-491E-8F94-DF0D2157BE65}.Release|x86.Build.0 = Release|Any CPU
		{B8E08B64-A532-4A30-B8D7-9BA96F312627}.Debug|Any CPU.ActiveCfg = Debug|Any CPU
		{B8E08B64-A532-4A30-B8D7-9BA96F312627}.Debug|Any CPU.Build.0 = Debug|Any CPU
		{B8E08B64-A532-4A30-B8D7-9BA96F312627}.Debug|x64.ActiveCfg = Debug|Any CPU
		{B8E08B64-A532-4A30-B8D7-9BA96F312627}.Debug|x64.Build.0 = Debug|Any CPU
		{B8E08B64-A532-4A30-B8D7-9BA96F312627}.Debug|x86.ActiveCfg = Debug|Any CPU
		{B8E08B64-A532-4A30-B8D7-9BA96F312627}.Debug|x86.Build.0 = Debug|Any CPU
		{B8E08B64-A532-4A30-B8D7-9BA96F312627}.Release|Any CPU.ActiveCfg = Release|Any CPU
		{B8E08B64-A532-4A30-B8D7-9BA96F312627}.Release|Any CPU.Build.0 = Release|Any CPU
		{B8E08B64-A532-4A30-B8D7-9BA96F312627}.Release|x64.ActiveCfg = Release|Any CPU
		{B8E08B64-A532-4A30-B8D7-9BA96F312627}.Release|x64.Build.0 = Release|Any CPU
		{B8E08B64-A532-4A30-B8D7-9BA96F312627}.Release|x86.ActiveCfg = Release|Any CPU
		{B8E08B64-A532-4A30-B8D7-9BA96F312627}.Release|x86.Build.0 = Release|Any CPU
		{03911780-A3AD-4BAA-82B4-180EC6730CF0}.Debug|Any CPU.ActiveCfg = Debug|Any CPU
		{03911780-A3AD-4BAA-82B4-180EC6730CF0}.Debug|Any CPU.Build.0 = Debug|Any CPU
		{03911780-A3AD-4BAA-82B4-180EC6730CF0}.Debug|x64.ActiveCfg = Debug|Any CPU
		{03911780-A3AD-4BAA-82B4-180EC6730CF0}.Debug|x64.Build.0 = Debug|Any CPU
		{03911780-A3AD-4BAA-82B4-180EC6730CF0}.Debug|x86.ActiveCfg = Debug|Any CPU
		{03911780-A3AD-4BAA-82B4-180EC6730CF0}.Debug|x86.Build.0 = Debug|Any CPU
		{03911780-A3AD-4BAA-82B4-180EC6730CF0}.Release|Any CPU.ActiveCfg = Release|Any CPU
		{03911780-A3AD-4BAA-82B4-180EC6730CF0}.Release|Any CPU.Build.0 = Release|Any CPU
		{03911780-A3AD-4BAA-82B4-180EC6730CF0}.Release|x64.ActiveCfg = Release|Any CPU
		{03911780-A3AD-4BAA-82B4-180EC6730CF0}.Release|x64.Build.0 = Release|Any CPU
		{03911780-A3AD-4BAA-82B4-180EC6730CF0}.Release|x86.ActiveCfg = Release|Any CPU
		{03911780-A3AD-4BAA-82B4-180EC6730CF0}.Release|x86.Build.0 = Release|Any CPU
		{8D52E955-BDD5-4123-8556-A1B6B81F62C8}.Debug|Any CPU.ActiveCfg = Debug|Any CPU
		{8D52E955-BDD5-4123-8556-A1B6B81F62C8}.Debug|Any CPU.Build.0 = Debug|Any CPU
		{8D52E955-BDD5-4123-8556-A1B6B81F62C8}.Debug|x64.ActiveCfg = Debug|Any CPU
		{8D52E955-BDD5-4123-8556-A1B6B81F62C8}.Debug|x64.Build.0 = Debug|Any CPU
		{8D52E955-BDD5-4123-8556-A1B6B81F62C8}.Debug|x86.ActiveCfg = Debug|Any CPU
		{8D52E955-BDD5-4123-8556-A1B6B81F62C8}.Debug|x86.Build.0 = Debug|Any CPU
		{8D52E955-BDD5-4123-8556-A1B6B81F62C8}.Release|Any CPU.ActiveCfg = Release|Any CPU
		{8D52E955-BDD5-4123-8556-A1B6B81F62C8}.Release|Any CPU.Build.0 = Release|Any CPU
		{8D52E955-BDD5-4123-8556-A1B6B81F62C8}.Release|x64.ActiveCfg = Release|Any CPU
		{8D52E955-BDD5-4123-8556-A1B6B81F62C8}.Release|x64.Build.0 = Release|Any CPU
		{8D52E955-BDD5-4123-8556-A1B6B81F62C8}.Release|x86.ActiveCfg = Release|Any CPU
		{8D52E955-BDD5-4123-8556-A1B6B81F62C8}.Release|x86.Build.0 = Release|Any CPU
		{3003E7A0-A908-4B55-B42B-610217F23664}.Debug|Any CPU.ActiveCfg = Debug|Any CPU
		{3003E7A0-A908-4B55-B42B-610217F23664}.Debug|Any CPU.Build.0 = Debug|Any CPU
		{3003E7A0-A908-4B55-B42B-610217F23664}.Debug|x64.ActiveCfg = Debug|Any CPU
		{3003E7A0-A908-4B55-B42B-610217F23664}.Debug|x64.Build.0 = Debug|Any CPU
		{3003E7A0-A908-4B55-B42B-610217F23664}.Debug|x86.ActiveCfg = Debug|Any CPU
		{3003E7A0-A908-4B55-B42B-610217F23664}.Debug|x86.Build.0 = Debug|Any CPU
		{3003E7A0-A908-4B55-B42B-610217F23664}.Release|Any CPU.ActiveCfg = Release|Any CPU
		{3003E7A0-A908-4B55-B42B-610217F23664}.Release|Any CPU.Build.0 = Release|Any CPU
		{3003E7A0-A908-4B55-B42B-610217F23664}.Release|x64.ActiveCfg = Release|Any CPU
		{3003E7A0-A908-4B55-B42B-610217F23664}.Release|x64.Build.0 = Release|Any CPU
		{3003E7A0-A908-4B55-B42B-610217F23664}.Release|x86.ActiveCfg = Release|Any CPU
		{3003E7A0-A908-4B55-B42B-610217F23664}.Release|x86.Build.0 = Release|Any CPU
		{9F420BDE-2A45-4531-A63F-BB4BABBAE0E2}.Debug|Any CPU.ActiveCfg = Debug|Any CPU
		{9F420BDE-2A45-4531-A63F-BB4BABBAE0E2}.Debug|Any CPU.Build.0 = Debug|Any CPU
		{9F420BDE-2A45-4531-A63F-BB4BABBAE0E2}.Debug|x64.ActiveCfg = Debug|Any CPU
		{9F420BDE-2A45-4531-A63F-BB4BABBAE0E2}.Debug|x64.Build.0 = Debug|Any CPU
		{9F420BDE-2A45-4531-A63F-BB4BABBAE0E2}.Debug|x86.ActiveCfg = Debug|Any CPU
		{9F420BDE-2A45-4531-A63F-BB4BABBAE0E2}.Debug|x86.Build.0 = Debug|Any CPU
		{9F420BDE-2A45-4531-A63F-BB4BABBAE0E2}.Release|Any CPU.ActiveCfg = Release|Any CPU
		{9F420BDE-2A45-4531-A63F-BB4BABBAE0E2}.Release|Any CPU.Build.0 = Release|Any CPU
		{9F420BDE-2A45-4531-A63F-BB4BABBAE0E2}.Release|x64.ActiveCfg = Release|Any CPU
		{9F420BDE-2A45-4531-A63F-BB4BABBAE0E2}.Release|x64.Build.0 = Release|Any CPU
		{9F420BDE-2A45-4531-A63F-BB4BABBAE0E2}.Release|x86.ActiveCfg = Release|Any CPU
		{9F420BDE-2A45-4531-A63F-BB4BABBAE0E2}.Release|x86.Build.0 = Release|Any CPU
	EndGlobalSection
	GlobalSection(SolutionProperties) = preSolution
		HideSolutionNode = FALSE
	EndGlobalSection
	GlobalSection(NestedProjects) = preSolution
		{CD23EBE4-ADE9-4226-A9C6-5E020378CEA2} = {827E0CD3-B72D-47B6-A68D-7590B98EB39B}
		{E6E546D1-3FE0-42DD-B667-43737F1A4B50} = {827E0CD3-B72D-47B6-A68D-7590B98EB39B}
		{6FCA82C1-ADD9-4D42-9C82-238DAF86E98B} = {827E0CD3-B72D-47B6-A68D-7590B98EB39B}
		{A5684F9D-8906-41A9-807B-A17BDC72D771} = {827E0CD3-B72D-47B6-A68D-7590B98EB39B}
		{35C938C3-429F-4DF1-9315-6D601644930F} = {827E0CD3-B72D-47B6-A68D-7590B98EB39B}
		{B552D2C5-3F84-491E-8F94-DF0D2157BE65} = {0AB3BF05-4346-4AA6-1389-037BE0695223}
		{B8E08B64-A532-4A30-B8D7-9BA96F312627} = {0AB3BF05-4346-4AA6-1389-037BE0695223}
		{03911780-A3AD-4BAA-82B4-180EC6730CF0} = {0AB3BF05-4346-4AA6-1389-037BE0695223}
		{8D52E955-BDD5-4123-8556-A1B6B81F62C8} = {0AB3BF05-4346-4AA6-1389-037BE0695223}
		{3003E7A0-A908-4B55-B42B-610217F23664} = {0AB3BF05-4346-4AA6-1389-037BE0695223}
		{9F420BDE-2A45-4531-A63F-BB4BABBAE0E2} = {827E0CD3-B72D-47B6-A68D-7590B98EB39B}
	EndGlobalSection
EndGlobal
